
Microsoft Visual Studio Solution File, Format Version 12.00
# Visual Studio Version 16
VisualStudioVersion = 16.0.31019.35
MinimumVisualStudioVersion = 10.0.40219.1
Project("{FAE04EC0-301F-11D3-BF4B-00C04F79EFBC}") = "GOF23", "GOF23\GOF23.csproj", "{C8858053-1DF3-4E98-8A2A-C7B1D3DEF092}"
EndProject
Global
	GlobalSection(SolutionConfigurationPlatforms) = preSolution
		Debug|Any CPU = Debug|Any CPU
		Release|Any CPU = Release|Any CPU
	EndGlobalSection
	GlobalSection(ProjectConfigurationPlatforms) = postSolution
		{C8858053-1DF3-4E98-8A2A-C7B1D3DEF092}.Debug|Any CPU.ActiveCfg = Debug|Any CPU
		{C8858053-1DF3-4E98-8A2A-C7B1D3DEF092}.Debug|Any CPU.Build.0 = Debug|Any CPU
		{C8858053-1DF3-4E98-8A2A-C7B1D3DEF092}.Release|Any CPU.ActiveCfg = Release|Any CPU
		{C8858053-1DF3-4E98-8A2A-C7B1D3DEF092}.Release|Any CPU.Build.0 = Release|Any CPU
	EndGlobalSection
	GlobalSection(SolutionProperties) = preSolution
		HideSolutionNode = FALSE
	EndGlobalSection
	GlobalSection(ExtensibilityGlobals) = postSolution
		SolutionGuid = {68372429-D9CB-4BD0-8DCA-BD99583C45EA}
	EndGlobalSection
EndGlobal
